// !$*UTF8*$!
{
	archiveVersion = 1;
	classes = {
	};
	objectVersion = 50;
	objects = {

/* Begin PBXBuildFile section */
		9055F2A021BBFED500C32F41 /* AppDelegate.m in Sources */ = {isa = PBXBuildFile; fileRef = 9055F29F21BBFED500C32F41 /* AppDelegate.m */; };
		9055F2A321BBFED500C32F41 /* ViewController.m in Sources */ = {isa = PBXBuildFile; fileRef = 9055F2A221BBFED500C32F41 /* ViewController.m */; };
		9055F2A621BBFED500C32F41 /* Main.storyboard in Resources */ = {isa = PBXBuildFile; fileRef = 9055F2A421BBFED500C32F41 /* Main.storyboard */; };
		9055F2A821BBFED800C32F41 /* Assets.xcassets in Resources */ = {isa = PBXBuildFile; fileRef = 9055F2A721BBFED800C32F41 /* Assets.xcassets */; };
		9055F2AB21BBFED800C32F41 /* LaunchScreen.storyboard in Resources */ = {isa = PBXBuildFile; fileRef = 9055F2A921BBFED800C32F41 /* LaunchScreen.storyboard */; };
		9055F2AE21BBFED800C32F41 /* main.m in Sources */ = {isa = PBXBuildFile; fileRef = 9055F2AD21BBFED800C32F41 /* main.m */; };
		9055F2B821BBFED800C32F41 /* DemoTests.m in Sources */ = {isa = PBXBuildFile; fileRef = 9055F2B721BBFED800C32F41 /* DemoTests.m */; };
		9055F2C321BBFED800C32F41 /* DemoUITests.m in Sources */ = {isa = PBXBuildFile; fileRef = 9055F2C221BBFED800C32F41 /* DemoUITests.m */; };
		9055F2E621BBFF8600C32F41 /* XJLaunchView.m in Sources */ = {isa = PBXBuildFile; fileRef = 9055F2DE21BBFF8500C32F41 /* XJLaunchView.m */; };
		9055F2E721BBFF8600C32F41 /* XJLaunchManager.m in Sources */ = {isa = PBXBuildFile; fileRef = 9055F2E021BBFF8500C32F41 /* XJLaunchManager.m */; };
		9055F2E821BBFF8600C32F41 /* XJLaunchViewController.m in Sources */ = {isa = PBXBuildFile; fileRef = 9055F2E121BBFF8500C32F41 /* XJLaunchViewController.m */; };
		9055F2E921BBFF8600C32F41 /* XJLaunchSourceView.m in Sources */ = {isa = PBXBuildFile; fileRef = 9055F2E321BBFF8500C32F41 /* XJLaunchSourceView.m */; };
		9055F2F321BC06EA00C32F41 /* LaunchCustomView.m in Sources */ = {isa = PBXBuildFile; fileRef = 9055F2F221BC06EA00C32F41 /* LaunchCustomView.m */; };
		9055F30021BC0A4900C32F41 /* RemoteConfigModel.m in Sources */ = {isa = PBXBuildFile; fileRef = 9055F2FF21BC0A4900C32F41 /* RemoteConfigModel.m */; };
		9068C4F121BCD54300FF5321 /* XJRemoteConfigManager.m in Sources */ = {isa = PBXBuildFile; fileRef = 9068C4EF21BCD54300FF5321 /* XJRemoteConfigManager.m */; };
		D2AD7BCABB4F6A8E71D8BC2F /* Pods_Demo.framework in Frameworks */ = {isa = PBXBuildFile; fileRef = 8D554928790E23A72E63E4D0 /* Pods_Demo.framework */; };
/* End PBXBuildFile section */

/* Begin PBXContainerItemProxy section */
		9055F2B421BBFED800C32F41 /* PBXContainerItemProxy */ = {
			isa = PBXContainerItemProxy;
			containerPortal = 9055F29321BBFED500C32F41 /* Project object */;
			proxyType = 1;
			remoteGlobalIDString = 9055F29A21BBFED500C32F41;
			remoteInfo = Demo;
		};
		9055F2BF21BBFED800C32F41 /* PBXContainerItemProxy */ = {
			isa = PBXContainerItemProxy;
			containerPortal = 9055F29321BBFED500C32F41 /* Project object */;
			proxyType = 1;
			remoteGlobalIDString = 9055F29A21BBFED500C32F41;
			remoteInfo = Demo;
		};
/* End PBXContainerItemProxy section */

/* Begin PBXFileReference section */
		8D554928790E23A72E63E4D0 /* Pods_Demo.framework */ = {isa = PBXFileReference; explicitFileType = wrapper.framework; includeInIndex = 0; path = Pods_Demo.framework; sourceTree = BUILT_PRODUCTS_DIR; };
		9055F29B21BBFED500C32F41 /* Demo.app */ = {isa = PBXFileReference; explicitFileType = wrapper.application; includeInIndex = 0; path = Demo.app; sourceTree = BUILT_PRODUCTS_DIR; };
		9055F29E21BBFED500C32F41 /* AppDelegate.h */ = {isa = PBXFileReference; lastKnownFileType = sourcecode.c.h; path = AppDelegate.h; sourceTree = "<group>"; };
		9055F29F21BBFED500C32F41 /* AppDelegate.m */ = {isa = PBXFileReference; lastKnownFileType = sourcecode.c.objc; path = AppDelegate.m; sourceTree = "<group>"; };
		9055F2A121BBFED500C32F41 /* ViewController.h */ = {isa = PBXFileReference; lastKnownFileType = sourcecode.c.h; path = ViewController.h; sourceTree = "<group>"; };
		9055F2A221BBFED500C32F41 /* ViewController.m */ = {isa = PBXFileReference; lastKnownFileType = sourcecode.c.objc; path = ViewController.m; sourceTree = "<group>"; };
		9055F2A521BBFED500C32F41 /* Base */ = {isa = PBXFileReference; lastKnownFileType = file.storyboard; name = Base; path = Base.lproj/Main.storyboard; sourceTree = "<group>"; };
		9055F2A721BBFED800C32F41 /* Assets.xcassets */ = {isa = PBXFileReference; lastKnownFileType = folder.assetcatalog; path = Assets.xcassets; sourceTree = "<group>"; };
		9055F2AA21BBFED800C32F41 /* Base */ = {isa = PBXFileReference; lastKnownFileType = file.storyboard; name = Base; path = Base.lproj/LaunchScreen.storyboard; sourceTree = "<group>"; };
		9055F2AC21BBFED800C32F41 /* Info.plist */ = {isa = PBXFileReference; lastKnownFileType = text.plist.xml; path = Info.plist; sourceTree = "<group>"; };
		9055F2AD21BBFED800C32F41 /* main.m */ = {isa = PBXFileReference; lastKnownFileType = sourcecode.c.objc; path = main.m; sourceTree = "<group>"; };
		9055F2B321BBFED800C32F41 /* DemoTests.xctest */ = {isa = PBXFileReference; explicitFileType = wrapper.cfbundle; includeInIndex = 0; path = DemoTests.xctest; sourceTree = BUILT_PRODUCTS_DIR; };
		9055F2B721BBFED800C32F41 /* DemoTests.m */ = {isa = PBXFileReference; lastKnownFileType = sourcecode.c.objc; path = DemoTests.m; sourceTree = "<group>"; };
		9055F2B921BBFED800C32F41 /* Info.plist */ = {isa = PBXFileReference; lastKnownFileType = text.plist.xml; path = Info.plist; sourceTree = "<group>"; };
		9055F2BE21BBFED800C32F41 /* DemoUITests.xctest */ = {isa = PBXFileReference; explicitFileType = wrapper.cfbundle; includeInIndex = 0; path = DemoUITests.xctest; sourceTree = BUILT_PRODUCTS_DIR; };
		9055F2C221BBFED800C32F41 /* DemoUITests.m */ = {isa = PBXFileReference; lastKnownFileType = sourcecode.c.objc; path = DemoUITests.m; sourceTree = "<group>"; };
		9055F2C421BBFED800C32F41 /* Info.plist */ = {isa = PBXFileReference; lastKnownFileType = text.plist.xml; path = Info.plist; sourceTree = "<group>"; };
		9055F2DE21BBFF8500C32F41 /* XJLaunchView.m */ = {isa = PBXFileReference; fileEncoding = 4; lastKnownFileType = sourcecode.c.objc; path = XJLaunchView.m; sourceTree = "<group>"; };
		9055F2DF21BBFF8500C32F41 /* XJLaunchSourceView.h */ = {isa = PBXFileReference; fileEncoding = 4; lastKnownFileType = sourcecode.c.h; path = XJLaunchSourceView.h; sourceTree = "<group>"; };
		9055F2E021BBFF8500C32F41 /* XJLaunchManager.m */ = {isa = PBXFileReference; fileEncoding = 4; lastKnownFileType = sourcecode.c.objc; path = XJLaunchManager.m; sourceTree = "<group>"; };
		9055F2E121BBFF8500C32F41 /* XJLaunchViewController.m */ = {isa = PBXFileReference; fileEncoding = 4; lastKnownFileType = sourcecode.c.objc; path = XJLaunchViewController.m; sourceTree = "<group>"; };
		9055F2E221BBFF8500C32F41 /* XJLaunchView.h */ = {isa = PBXFileReference; fileEncoding = 4; lastKnownFileType = sourcecode.c.h; path = XJLaunchView.h; sourceTree = "<group>"; };
		9055F2E321BBFF8500C32F41 /* XJLaunchSourceView.m */ = {isa = PBXFileReference; fileEncoding = 4; lastKnownFileType = sourcecode.c.objc; path = XJLaunchSourceView.m; sourceTree = "<group>"; };
		9055F2E421BBFF8500C32F41 /* XJLaunchViewController.h */ = {isa = PBXFileReference; fileEncoding = 4; lastKnownFileType = sourcecode.c.h; path = XJLaunchViewController.h; sourceTree = "<group>"; };
		9055F2E521BBFF8500C32F41 /* XJLaunchManager.h */ = {isa = PBXFileReference; fileEncoding = 4; lastKnownFileType = sourcecode.c.h; path = XJLaunchManager.h; sourceTree = "<group>"; };
		9055F2F121BC06EA00C32F41 /* LaunchCustomView.h */ = {isa = PBXFileReference; fileEncoding = 4; lastKnownFileType = sourcecode.c.h; path = LaunchCustomView.h; sourceTree = "<group>"; };
		9055F2F221BC06EA00C32F41 /* LaunchCustomView.m */ = {isa = PBXFileReference; fileEncoding = 4; lastKnownFileType = sourcecode.c.objc; path = LaunchCustomView.m; sourceTree = "<group>"; };
		9055F2FE21BC0A4900C32F41 /* RemoteConfigModel.h */ = {isa = PBXFileReference; lastKnownFileType = sourcecode.c.h; path = RemoteConfigModel.h; sourceTree = "<group>"; };
		9055F2FF21BC0A4900C32F41 /* RemoteConfigModel.m */ = {isa = PBXFileReference; lastKnownFileType = sourcecode.c.objc; path = RemoteConfigModel.m; sourceTree = "<group>"; };
		9068C4EE21BCD54300FF5321 /* XJRemoteConfigManager.h */ = {isa = PBXFileReference; fileEncoding = 4; lastKnownFileType = sourcecode.c.h; path = XJRemoteConfigManager.h; sourceTree = "<group>"; };
		9068C4EF21BCD54300FF5321 /* XJRemoteConfigManager.m */ = {isa = PBXFileReference; fileEncoding = 4; lastKnownFileType = sourcecode.c.objc; path = XJRemoteConfigManager.m; sourceTree = "<group>"; };
		A5ABDD8D3941A80F50F4BC04 /* Pods-Demo.debug.xcconfig */ = {isa = PBXFileReference; includeInIndex = 1; lastKnownFileType = text.xcconfig; name = "Pods-Demo.debug.xcconfig"; path = "Pods/Target Support Files/Pods-Demo/Pods-Demo.debug.xcconfig"; sourceTree = "<group>"; };
		F42CA260CB5CD26F60BC1C54 /* Pods-Demo.release.xcconfig */ = {isa = PBXFileReference; includeInIndex = 1; lastKnownFileType = text.xcconfig; name = "Pods-Demo.release.xcconfig"; path = "Pods/Target Support Files/Pods-Demo/Pods-Demo.release.xcconfig"; sourceTree = "<group>"; };
/* End PBXFileReference section */

/* Begin PBXFrameworksBuildPhase section */
		9055F29821BBFED500C32F41 /* Frameworks */ = {
			isa = PBXFrameworksBuildPhase;
			buildActionMask = 2147483647;
			files = (
				D2AD7BCABB4F6A8E71D8BC2F /* Pods_Demo.framework in Frameworks */,
			);
			runOnlyForDeploymentPostprocessing = 0;
		};
		9055F2B021BBFED800C32F41 /* Frameworks */ = {
			isa = PBXFrameworksBuildPhase;
			buildActionMask = 2147483647;
			files = (
			);
			runOnlyForDeploymentPostprocessing = 0;
		};
		9055F2BB21BBFED800C32F41 /* Frameworks */ = {
			isa = PBXFrameworksBuildPhase;
			buildActionMask = 2147483647;
			files = (
			);
			runOnlyForDeploymentPostprocessing = 0;
		};
/* End PBXFrameworksBuildPhase section */

/* Begin PBXGroup section */
		5140E3983436239890933030 /* Pods */ = {
			isa = PBXGroup;
			children = (
				A5ABDD8D3941A80F50F4BC04 /* Pods-Demo.debug.xcconfig */,
				F42CA260CB5CD26F60BC1C54 /* Pods-Demo.release.xcconfig */,
			);
			name = Pods;
			sourceTree = "<group>";
		};
		9055F29221BBFED500C32F41 = {
			isa = PBXGroup;
			children = (
				9055F2DD21BBFF8500C32F41 /* XJLaunchManager */,
				9055F29D21BBFED500C32F41 /* Demo */,
				9055F2B621BBFED800C32F41 /* DemoTests */,
				9055F2C121BBFED800C32F41 /* DemoUITests */,
				9055F29C21BBFED500C32F41 /* Products */,
				5140E3983436239890933030 /* Pods */,
				B2454F287A8C8FC7145BB335 /* Frameworks */,
			);
			sourceTree = "<group>";
		};
		9055F29C21BBFED500C32F41 /* Products */ = {
			isa = PBXGroup;
			children = (
				9055F29B21BBFED500C32F41 /* Demo.app */,
				9055F2B321BBFED800C32F41 /* DemoTests.xctest */,
				9055F2BE21BBFED800C32F41 /* DemoUITests.xctest */,
			);
			name = Products;
			sourceTree = "<group>";
		};
		9055F29D21BBFED500C32F41 /* Demo */ = {
			isa = PBXGroup;
			children = (
				9055F2F821BC08FC00C32F41 /* RemoteConfig */,
				9055F2F021BC06EA00C32F41 /* LaunchCustomView */,
				9055F29E21BBFED500C32F41 /* AppDelegate.h */,
				9055F29F21BBFED500C32F41 /* AppDelegate.m */,
				9055F2A121BBFED500C32F41 /* ViewController.h */,
				9055F2A221BBFED500C32F41 /* ViewController.m */,
				9055F2A421BBFED500C32F41 /* Main.storyboard */,
				9055F2A721BBFED800C32F41 /* Assets.xcassets */,
				9055F2A921BBFED800C32F41 /* LaunchScreen.storyboard */,
				9055F2AC21BBFED800C32F41 /* Info.plist */,
				9055F2AD21BBFED800C32F41 /* main.m */,
			);
			path = Demo;
			sourceTree = "<group>";
		};
		9055F2B621BBFED800C32F41 /* DemoTests */ = {
			isa = PBXGroup;
			children = (
				9055F2B721BBFED800C32F41 /* DemoTests.m */,
				9055F2B921BBFED800C32F41 /* Info.plist */,
			);
			path = DemoTests;
			sourceTree = "<group>";
		};
		9055F2C121BBFED800C32F41 /* DemoUITests */ = {
			isa = PBXGroup;
			children = (
				9055F2C221BBFED800C32F41 /* DemoUITests.m */,
				9055F2C421BBFED800C32F41 /* Info.plist */,
			);
			path = DemoUITests;
			sourceTree = "<group>";
		};
		9055F2DD21BBFF8500C32F41 /* XJLaunchManager */ = {
			isa = PBXGroup;
			children = (
				9055F2EF21BC003A00C32F41 /* XJLaunchManager */,
			);
			name = XJLaunchManager;
			path = ../XJLaunchManager;
			sourceTree = "<group>";
		};
		9055F2EF21BC003A00C32F41 /* XJLaunchManager */ = {
			isa = PBXGroup;
			children = (
				9055F2E521BBFF8500C32F41 /* XJLaunchManager.h */,
				9055F2E021BBFF8500C32F41 /* XJLaunchManager.m */,
				9055F2E221BBFF8500C32F41 /* XJLaunchView.h */,
				9055F2DE21BBFF8500C32F41 /* XJLaunchView.m */,
				9055F2E421BBFF8500C32F41 /* XJLaunchViewController.h */,
				9055F2E121BBFF8500C32F41 /* XJLaunchViewController.m */,
				9055F2DF21BBFF8500C32F41 /* XJLaunchSourceView.h */,
				9055F2E321BBFF8500C32F41 /* XJLaunchSourceView.m */,
			);
			path = XJLaunchManager;
			sourceTree = "<group>";
		};
		9055F2F021BC06EA00C32F41 /* LaunchCustomView */ = {
			isa = PBXGroup;
			children = (
				9055F2F121BC06EA00C32F41 /* LaunchCustomView.h */,
				9055F2F221BC06EA00C32F41 /* LaunchCustomView.m */,
			);
			path = LaunchCustomView;
			sourceTree = "<group>";
		};
		9055F2F821BC08FC00C32F41 /* RemoteConfig */ = {
			isa = PBXGroup;
			children = (
				9055F2FC21BC0A2700C32F41 /* Model */,
				9068C4EE21BCD54300FF5321 /* XJRemoteConfigManager.h */,
				9068C4EF21BCD54300FF5321 /* XJRemoteConfigManager.m */,
			);
			path = RemoteConfig;
			sourceTree = "<group>";
		};
		9055F2FC21BC0A2700C32F41 /* Model */ = {
			isa = PBXGroup;
			children = (
				9055F2FD21BC0A2C00C32F41 /* RemoteConfigModel */,
			);
			path = Model;
			sourceTree = "<group>";
		};
		9055F2FD21BC0A2C00C32F41 /* RemoteConfigModel */ = {
			isa = PBXGroup;
			children = (
				9055F2FE21BC0A4900C32F41 /* RemoteConfigModel.h */,
				9055F2FF21BC0A4900C32F41 /* RemoteConfigModel.m */,
			);
			path = RemoteConfigModel;
			sourceTree = "<group>";
		};
		B2454F287A8C8FC7145BB335 /* Frameworks */ = {
			isa = PBXGroup;
			children = (
				8D554928790E23A72E63E4D0 /* Pods_Demo.framework */,
			);
			name = Frameworks;
			sourceTree = "<group>";
		};
/* End PBXGroup section */

/* Begin PBXNativeTarget section */
		9055F29A21BBFED500C32F41 /* Demo */ = {
			isa = PBXNativeTarget;
			buildConfigurationList = 9055F2C721BBFED800C32F41 /* Build configuration list for PBXNativeTarget "Demo" */;
			buildPhases = (
				A66CB2667EAAF7174C6C2C55 /* [CP] Check Pods Manifest.lock */,
				9055F29721BBFED500C32F41 /* Sources */,
				9055F29821BBFED500C32F41 /* Frameworks */,
				9055F29921BBFED500C32F41 /* Resources */,
				22E92ACC2B578BB4C5B0B6E0 /* [CP] Embed Pods Frameworks */,
			);
			buildRules = (
			);
			dependencies = (
			);
			name = Demo;
			productName = Demo;
			productReference = 9055F29B21BBFED500C32F41 /* Demo.app */;
			productType = "com.apple.product-type.application";
		};
		9055F2B221BBFED800C32F41 /* DemoTests */ = {
			isa = PBXNativeTarget;
			buildConfigurationList = 9055F2CA21BBFED800C32F41 /* Build configuration list for PBXNativeTarget "DemoTests" */;
			buildPhases = (
				9055F2AF21BBFED800C32F41 /* Sources */,
				9055F2B021BBFED800C32F41 /* Frameworks */,
				9055F2B121BBFED800C32F41 /* Resources */,
			);
			buildRules = (
			);
			dependencies = (
				9055F2B521BBFED800C32F41 /* PBXTargetDependency */,
			);
			name = DemoTests;
			productName = DemoTests;
			productReference = 9055F2B321BBFED800C32F41 /* DemoTests.xctest */;
			productType = "com.apple.product-type.bundle.unit-test";
		};
		9055F2BD21BBFED800C32F41 /* DemoUITests */ = {
			isa = PBXNativeTarget;
			buildConfigurationList = 9055F2CD21BBFED800C32F41 /* Build configuration list for PBXNativeTarget "DemoUITests" */;
			buildPhases = (
				9055F2BA21BBFED800C32F41 /* Sources */,
				9055F2BB21BBFED800C32F41 /* Frameworks */,
				9055F2BC21BBFED800C32F41 /* Resources */,
			);
			buildRules = (
			);
			dependencies = (
				9055F2C021BBFED800C32F41 /* PBXTargetDependency */,
			);
			name = DemoUITests;
			productName = DemoUITests;
			productReference = 9055F2BE21BBFED800C32F41 /* DemoUITests.xctest */;
			productType = "com.apple.product-type.bundle.ui-testing";
		};
/* End PBXNativeTarget section */

/* Begin PBXProject section */
		9055F29321BBFED500C32F41 /* Project object */ = {
			isa = PBXProject;
			attributes = {
				LastUpgradeCheck = 1000;
				ORGANIZATIONNAME = XJIMI;
				TargetAttributes = {
					9055F29A21BBFED500C32F41 = {
						CreatedOnToolsVersion = 10.0;
					};
					9055F2B221BBFED800C32F41 = {
						CreatedOnToolsVersion = 10.0;
						TestTargetID = 9055F29A21BBFED500C32F41;
					};
					9055F2BD21BBFED800C32F41 = {
						CreatedOnToolsVersion = 10.0;
						TestTargetID = 9055F29A21BBFED500C32F41;
					};
				};
			};
			buildConfigurationList = 9055F29621BBFED500C32F41 /* Build configuration list for PBXProject "Demo" */;
			compatibilityVersion = "Xcode 9.3";
			developmentRegion = en;
			hasScannedForEncodings = 0;
			knownRegions = (
				en,
				Base,
			);
			mainGroup = 9055F29221BBFED500C32F41;
			productRefGroup = 9055F29C21BBFED500C32F41 /* Products */;
			projectDirPath = "";
			projectRoot = "";
			targets = (
				9055F29A21BBFED500C32F41 /* Demo */,
				9055F2B221BBFED800C32F41 /* DemoTests */,
				9055F2BD21BBFED800C32F41 /* DemoUITests */,
			);
		};
/* End PBXProject section */

/* Begin PBXResourcesBuildPhase section */
		9055F29921BBFED500C32F41 /* Resources */ = {
			isa = PBXResourcesBuildPhase;
			buildActionMask = 2147483647;
			files = (
				9055F2AB21BBFED800C32F41 /* LaunchScreen.storyboard in Resources */,
				9055F2A821BBFED800C32F41 /* Assets.xcassets in Resources */,
				9055F2A621BBFED500C32F41 /* Main.storyboard in Resources */,
			);
			runOnlyForDeploymentPostprocessing = 0;
		};
		9055F2B121BBFED800C32F41 /* Resources */ = {
			isa = PBXResourcesBuildPhase;
			buildActionMask = 2147483647;
			files = (
			);
			runOnlyForDeploymentPostprocessing = 0;
		};
		9055F2BC21BBFED800C32F41 /* Resources */ = {
			isa = PBXResourcesBuildPhase;
			buildActionMask = 2147483647;
			files = (
			);
			runOnlyForDeploymentPostprocessing = 0;
		};
/* End PBXResourcesBuildPhase section */

/* Begin PBXShellScriptBuildPhase section */
		22E92ACC2B578BB4C5B0B6E0 /* [CP] Embed Pods Frameworks */ = {
			isa = PBXShellScriptBuildPhase;
			buildActionMask = 2147483647;
			files = (
			);
			inputFileListPaths = (
			);
			inputPaths = (
				"${SRCROOT}/Pods/Target Support Files/Pods-Demo/Pods-Demo-frameworks.sh",
				"${BUILT_PRODUCTS_DIR}/AFNetworking/AFNetworking.framework",
				"${BUILT_PRODUCTS_DIR}/Masonry/Masonry.framework",
			);
			name = "[CP] Embed Pods Frameworks";
			outputFileListPaths = (
			);
			outputPaths = (
				"${TARGET_BUILD_DIR}/${FRAMEWORKS_FOLDER_PATH}/AFNetworking.framework",
				"${TARGET_BUILD_DIR}/${FRAMEWORKS_FOLDER_PATH}/Masonry.framework",
			);
			runOnlyForDeploymentPostprocessing = 0;
			shellPath = /bin/sh;
			shellScript = "\"${SRCROOT}/Pods/Target Support Files/Pods-Demo/Pods-Demo-frameworks.sh\"\n";
			showEnvVarsInLog = 0;
		};
		A66CB2667EAAF7174C6C2C55 /* [CP] Check Pods Manifest.lock */ = {
			isa = PBXShellScriptBuildPhase;
			buildActionMask = 2147483647;
			files = (
			);
			inputFileListPaths = (
			);
			inputPaths = (
				"${PODS_PODFILE_DIR_PATH}/Podfile.lock",
				"${PODS_ROOT}/Manifest.lock",
			);
			name = "[CP] Check Pods Manifest.lock";
			outputFileListPaths = (
			);
			outputPaths = (
				"$(DERIVED_FILE_DIR)/Pods-Demo-checkManifestLockResult.txt",
			);
			runOnlyForDeploymentPostprocessing = 0;
			shellPath = /bin/sh;
			shellScript = "diff \"${PODS_PODFILE_DIR_PATH}/Podfile.lock\" \"${PODS_ROOT}/Manifest.lock\" > /dev/null\nif [ $? != 0 ] ; then\n    # print error to STDERR\n    echo \"error: The sandbox is not in sync with the Podfile.lock. Run 'pod install' or update your CocoaPods installation.\" >&2\n    exit 1\nfi\n# This output is used by Xcode 'outputs' to avoid re-running this script phase.\necho \"SUCCESS\" > \"${SCRIPT_OUTPUT_FILE_0}\"\n";
			showEnvVarsInLog = 0;
		};
/* End PBXShellScriptBuildPhase section */

/* Begin PBXSourcesBuildPhase section */
		9055F29721BBFED500C32F41 /* Sources */ = {
			isa = PBXSourcesBuildPhase;
			buildActionMask = 2147483647;
			files = (
				9055F2A321BBFED500C32F41 /* ViewController.m in Sources */,
				9055F2E921BBFF8600C32F41 /* XJLaunchSourceView.m in Sources */,
				9068C4F121BCD54300FF5321 /* XJRemoteConfigManager.m in Sources */,
				9055F2E621BBFF8600C32F41 /* XJLaunchView.m in Sources */,
				9055F2AE21BBFED800C32F41 /* main.m in Sources */,
				9055F2E821BBFF8600C32F41 /* XJLaunchViewController.m in Sources */,
				9055F2E721BBFF8600C32F41 /* XJLaunchManager.m in Sources */,
				9055F2A021BBFED500C32F41 /* AppDelegate.m in Sources */,
				9055F2F321BC06EA00C32F41 /* LaunchCustomView.m in Sources */,
				9055F30021BC0A4900C32F41 /* RemoteConfigModel.m in Sources */,
			);
			runOnlyForDeploymentPostprocessing = 0;
		};
		9055F2AF21BBFED800C32F41 /* Sources */ = {
			isa = PBXSourcesBuildPhase;
			buildActionMask = 2147483647;
			files = (
				9055F2B821BBFED800C32F41 /* DemoTests.m in Sources */,
			);
			runOnlyForDeploymentPostprocessing = 0;
		};
		9055F2BA21BBFED800C32F41 /* Sources */ = {
			isa = PBXSourcesBuildPhase;
			buildActionMask = 2147483647;
			files = (
				9055F2C321BBFED800C32F41 /* DemoUITests.m in Sources */,
			);
			runOnlyForDeploymentPostprocessing = 0;
		};
/* End PBXSourcesBuildPhase section */

/* Begin PBXTargetDependency section */
		9055F2B521BBFED800C32F41 /* PBXTargetDependency */ = {
			isa = PBXTargetDependency;
			target = 9055F29A21BBFED500C32F41 /* Demo */;
			targetProxy = 9055F2B421BBFED800C32F41 /* PBXContainerItemProxy */;
		};
		9055F2C021BBFED800C32F41 /* PBXTargetDependency */ = {
			isa = PBXTargetDependency;
			target = 9055F29A21BBFED500C32F41 /* Demo */;
			targetProxy = 9055F2BF21BBFED800C32F41 /* PBXContainerItemProxy */;
		};
/* End PBXTargetDependency section */

/* Begin PBXVariantGroup section */
		9055F2A421BBFED500C32F41 /* Main.storyboard */ = {
			isa = PBXVariantGroup;
			children = (
				9055F2A521BBFED500C32F41 /* Base */,
			);
			name = Main.storyboard;
			sourceTree = "<group>";
		};
		9055F2A921BBFED800C32F41 /* LaunchScreen.storyboard */ = {
			isa = PBXVariantGroup;
			children = (
				9055F2AA21BBFED800C32F41 /* Base */,
			);
			name = LaunchScreen.storyboard;
			sourceTree = "<group>";
		};
/* End PBXVariantGroup section */

/* Begin XCBuildConfiguration section */
		9055F2C521BBFED800C32F41 /* Debug */ = {
			isa = XCBuildConfiguration;
			buildSettings = {
				ALWAYS_SEARCH_USER_PATHS = NO;
				CLANG_ANALYZER_NONNULL = YES;
				CLANG_ANALYZER_NUMBER_OBJECT_CONVERSION = YES_AGGRESSIVE;
				CLANG_CXX_LANGUAGE_STANDARD = "gnu++14";
				CLANG_CXX_LIBRARY = "libc++";
				CLANG_ENABLE_MODULES = YES;
				CLANG_ENABLE_OBJC_ARC = YES;
				CLANG_ENABLE_OBJC_WEAK = YES;
				CLANG_WARN_BLOCK_CAPTURE_AUTORELEASING = YES;
				CLANG_WARN_BOOL_CONVERSION = YES;
				CLANG_WARN_COMMA = YES;
				CLANG_WARN_CONSTANT_CONVERSION = YES;
				CLANG_WARN_DEPRECATED_OBJC_IMPLEMENTATIONS = YES;
				CLANG_WARN_DIRECT_OBJC_ISA_USAGE = YES_ERROR;
				CLANG_WARN_DOCUMENTATION_COMMENTS = YES;
				CLANG_WARN_EMPTY_BODY = YES;
				CLANG_WARN_ENUM_CONVERSION = YES;
				CLANG_WARN_INFINITE_RECURSION = YES;
				CLANG_WARN_INT_CONVERSION = YES;
				CLANG_WARN_NON_LITERAL_NULL_CONVERSION = YES;
				CLANG_WARN_OBJC_IMPLICIT_RETAIN_SELF = YES;
				CLANG_WARN_OBJC_LITERAL_CONVERSION = YES;
				CLANG_WARN_OBJC_ROOT_CLASS = YES_ERROR;
				CLANG_WARN_RANGE_LOOP_ANALYSIS = YES;
				CLANG_WARN_STRICT_PROTOTYPES = YES;
				CLANG_WARN_SUSPICIOUS_MOVE = YES;
				CLANG_WARN_UNGUARDED_AVAILABILITY = YES_AGGRESSIVE;
				CLANG_WARN_UNREACHABLE_CODE = YES;
				CLANG_WARN__DUPLICATE_METHOD_MATCH = YES;
				CODE_SIGN_IDENTITY = "iPhone Developer";
				COPY_PHASE_STRIP = NO;
				DEBUG_INFORMATION_FORMAT = dwarf;
				ENABLE_STRICT_OBJC_MSGSEND = YES;
				ENABLE_TESTABILITY = YES;
				GCC_C_LANGUAGE_STANDARD = gnu11;
				GCC_DYNAMIC_NO_PIC = NO;
				GCC_NO_COMMON_BLOCKS = YES;
				GCC_OPTIMIZATION_LEVEL = 0;
				GCC_PREPROCESSOR_DEFINITIONS = (
					"DEBUG=1",
					"$(inherited)",
				);
				GCC_WARN_64_TO_32_BIT_CONVERSION = YES;
				GCC_WARN_ABOUT_RETURN_TYPE = YES_ERROR;
				GCC_WARN_UNDECLARED_SELECTOR = YES;
				GCC_WARN_UNINITIALIZED_AUTOS = YES_AGGRESSIVE;
				GCC_WARN_UNUSED_FUNCTION = YES;
				GCC_WARN_UNUSED_VARIABLE = YES;
				IPHONEOS_DEPLOYMENT_TARGET = 12.0;
				MTL_ENABLE_DEBUG_INFO = INCLUDE_SOURCE;
				MTL_FAST_MATH = YES;
				ONLY_ACTIVE_ARCH = YES;
				SDKROOT = iphoneos;
			};
			name = Debug;
		};
		9055F2C621BBFED800C32F41 /* Release */ = {
			isa = XCBuildConfiguration;
			buildSettings = {
				ALWAYS_SEARCH_USER_PATHS = NO;
				CLANG_ANALYZER_NONNULL = YES;
				CLANG_ANALYZER_NUMBER_OBJECT_CONVERSION = YES_AGGRESSIVE;
				CLANG_CXX_LANGUAGE_STANDARD = "gnu++14";
				CLANG_CXX_LIBRARY = "libc++";
				CLANG_ENABLE_MODULES = YES;
				CLANG_ENABLE_OBJC_ARC = YES;
				CLANG_ENABLE_OBJC_WEAK = YES;
				CLANG_WARN_BLOCK_CAPTURE_AUTORELEASING = YES;
				CLANG_WARN_BOOL_CONVERSION = YES;
				CLANG_WARN_COMMA = YES;
				CLANG_WARN_CONSTANT_CONVERSION = YES;
				CLANG_WARN_DEPRECATED_OBJC_IMPLEMENTATIONS = YES;
				CLANG_WARN_DIRECT_OBJC_ISA_USAGE = YES_ERROR;
				CLANG_WARN_DOCUMENTATION_COMMENTS = YES;
				CLANG_WARN_EMPTY_BODY = YES;
				CLANG_WARN_ENUM_CONVERSION = YES;
				CLANG_WARN_INFINITE_RECURSION = YES;
				CLANG_WARN_INT_CONVERSION = YES;
				CLANG_WARN_NON_LITERAL_NULL_CONVERSION = YES;
				CLANG_WARN_OBJC_IMPLICIT_RETAIN_SELF = YES;
				CLANG_WARN_OBJC_LITERAL_CONVERSION = YES;
				CLANG_WARN_OBJC_ROOT_CLASS = YES_ERROR;
				CLANG_WARN_RANGE_LOOP_ANALYSIS = YES;
				CLANG_WARN_STRICT_PROTOTYPES = YES;
				CLANG_WARN_SUSPICIOUS_MOVE = YES;
				CLANG_WARN_UNGUARDED_AVAILABILITY = YES_AGGRESSIVE;
				CLANG_WARN_UNREACHABLE_CODE = YES;
				CLANG_WARN__DUPLICATE_METHOD_MATCH = YES;
				CODE_SIGN_IDENTITY = "iPhone Developer";
				COPY_PHASE_STRIP = NO;
				DEBUG_INFORMATION_FORMAT = "dwarf-with-dsym";
				ENABLE_NS_ASSERTIONS = NO;
				ENABLE_STRICT_OBJC_MSGSEND = YES;
				GCC_C_LANGUAGE_STANDARD = gnu11;
				GCC_NO_COMMON_BLOCKS = YES;
				GCC_WARN_64_TO_32_BIT_CONVERSION = YES;
				GCC_WARN_ABOUT_RETURN_TYPE = YES_ERROR;
				GCC_WARN_UNDECLARED_SELECTOR = YES;
				GCC_WARN_UNINITIALIZED_AUTOS = YES_AGGRESSIVE;
				GCC_WARN_UNUSED_FUNCTION = YES;
				GCC_WARN_UNUSED_VARIABLE = YES;
				IPHONEOS_DEPLOYMENT_TARGET = 12.0;
				MTL_ENABLE_DEBUG_INFO = NO;
				MTL_FAST_MATH = YES;
				SDKROOT = iphoneos;
				VALIDATE_PRODUCT = YES;
			};
			name = Release;
		};
		9055F2C821BBFED800C32F41 /* Debug */ = {
			isa = XCBuildConfiguration;
			baseConfigurationReference = A5ABDD8D3941A80F50F4BC04 /* Pods-Demo.debug.xcconfig */;
			buildSettings = {
				ASSETCATALOG_COMPILER_APPICON_NAME = AppIcon;
				CODE_SIGN_STYLE = Automatic;
				DEVELOPMENT_TEAM = 4X5X5XJA6V;
				INFOPLIST_FILE = Demo/Info.plist;
				IPHONEOS_DEPLOYMENT_TARGET = 9.3;
				LD_RUNPATH_SEARCH_PATHS = (
					"$(inherited)",
					"@executable_path/Frameworks",
				);
				PRODUCT_BUNDLE_IDENTIFIER = com.xjimi.XJLaunchManagerDemo;
				PRODUCT_NAME = "$(TARGET_NAME)";
				TARGETED_DEVICE_FAMILY = "1,2";
			};
			name = Debug;
		};
		9055F2C921BBFED800C32F41 /* Release */ = {
			isa = XCBuildConfiguration;
			baseConfigurationReference = F42CA260CB5CD26F60BC1C54 /* Pods-Demo.release.xcconfig */;
			buildSettings = {
				ASSETCATALOG_COMPILER_APPICON_NAME = AppIcon;
				CODE_SIGN_STYLE = Automatic;
				DEVELOPMENT_TEAM = 4X5X5XJA6V;
				INFOPLIST_FILE = Demo/Info.plist;
				IPHONEOS_DEPLOYMENT_TARGET = 9.3;
				LD_RUNPATH_SEARCH_PATHS = (
					"$(inherited)",
					"@executable_path/Frameworks",
				);
				PRODUCT_BUNDLE_IDENTIFIER = com.xjimi.XJLaunchManagerDemo;
				PRODUCT_NAME = "$(TARGET_NAME)";
				TARGETED_DEVICE_FAMILY = "1,2";
			};
			name = Release;
		};
		9055F2CB21BBFED800C32F41 /* Debug */ = {
			isa = XCBuildConfiguration;
			buildSettings = {
				BUNDLE_LOADER = "$(TEST_HOST)";
				CODE_SIGN_STYLE = Automatic;
				DEVELOPMENT_TEAM = 4X5X5XJA6V;
				INFOPLIST_FILE = DemoTests/Info.plist;
				LD_RUNPATH_SEARCH_PATHS = (
					"$(inherited)",
					"@executable_path/Frameworks",
					"@loader_path/Frameworks",
				);
				PRODUCT_BUNDLE_IDENTIFIER = com.xjimi.DemoTests;
				PRODUCT_NAME = "$(TARGET_NAME)";
				TARGETED_DEVICE_FAMILY = "1,2";
				TEST_HOST = "$(BUILT_PRODUCTS_DIR)/Demo.app/Demo";
			};
			name = Debug;
		};
		9055F2CC21BBFED800C32F41 /* Release */ = {
			isa = XCBuildConfiguration;
			buildSettings = {
				BUNDLE_LOADER = "$(TEST_HOST)";
				CODE_SIGN_STYLE = Automatic;
				DEVELOPMENT_TEAM = 4X5X5XJA6V;
				INFOPLIST_FILE = DemoTests/Info.plist;
				LD_RUNPATH_SEARCH_PATHS = (
					"$(inherited)",
					"@executable_path/Frameworks",
					"@loader_path/Frameworks",
				);
				PRODUCT_BUNDLE_IDENTIFIER = com.xjimi.DemoTests;
				PRODUCT_NAME = "$(TARGET_NAME)";
				TARGETED_DEVICE_FAMILY = "1,2";
				TEST_HOST = "$(BUILT_PRODUCTS_DIR)/Demo.app/Demo";
			};
			name = Release;
		};
		9055F2CE21BBFED800C32F41 /* Debug */ = {
			isa = XCBuildConfiguration;
			buildSettings = {
				CODE_SIGN_STYLE = Automatic;
				DEVELOPMENT_TEAM = 4X5X5XJA6V;
				INFOPLIST_FILE = DemoUITests/Info.plist;
				LD_RUNPATH_SEARCH_PATHS = (
					"$(inherited)",
					"@executable_path/Frameworks",
					"@loader_path/Frameworks",
				);
				PRODUCT_BUNDLE_IDENTIFIER = com.xjimi.DemoUITests;
				PRODUCT_NAME = "$(TARGET_NAME)";
				TARGETED_DEVICE_FAMILY = "1,2";
				TEST_TARGET_NAME = Demo;
			};
			name = Debug;
		};
		9055F2CF21BBFED800C32F41 /* Release */ = {
			isa = XCBuildConfiguration;
			buildSettings = {
				CODE_SIGN_STYLE = Automatic;
				DEVELOPMENT_TEAM = 4X5X5XJA6V;
				INFOPLIST_FILE = DemoUITests/Info.plist;
				LD_RUNPATH_SEARCH_PATHS = (
					"$(inherited)",
					"@executable_path/Frameworks",
					"@loader_path/Frameworks",
				);
				PRODUCT_BUNDLE_IDENTIFIER = com.xjimi.DemoUITests;
				PRODUCT_NAME = "$(TARGET_NAME)";
				TARGETED_DEVICE_FAMILY = "1,2";
				TEST_TARGET_NAME = Demo;
			};
			name = Release;
		};
/* End XCBuildConfiguration section */

/* Begin XCConfigurationList section */
		9055F29621BBFED500C32F41 /* Build configuration list for PBXProject "Demo" */ = {
			isa = XCConfigurationList;
			buildConfigurations = (
				9055F2C521BBFED800C32F41 /* Debug */,
				9055F2C621BBFED800C32F41 /* Release */,
			);
			defaultConfigurationIsVisible = 0;
			defaultConfigurationName = Release;
		};
		9055F2C721BBFED800C32F41 /* Build configuration list for PBXNativeTarget "Demo" */ = {
			isa = XCConfigurationList;
			buildConfigurations = (
				9055F2C821BBFED800C32F41 /* Debug */,
				9055F2C921BBFED800C32F41 /* Release */,
			);
			defaultConfigurationIsVisible = 0;
			defaultConfigurationName = Release;
		};
		9055F2CA21BBFED800C32F41 /* Build configuration list for PBXNativeTarget "DemoTests" */ = {
			isa = XCConfigurationList;
			buildConfigurations = (
				9055F2CB21BBFED800C32F41 /* Debug */,
				9055F2CC21BBFED800C32F41 /* Release */,
			);
			defaultConfigurationIsVisible = 0;
			defaultConfigurationName = Release;
		};
		9055F2CD21BBFED800C32F41 /* Build configuration list for PBXNativeTarget "DemoUITests" */ = {
			isa = XCConfigurationList;
			buildConfigurations = (
				9055F2CE21BBFED800C32F41 /* Debug */,
				9055F2CF21BBFED800C32F41 /* Release */,
			);
			defaultConfigurationIsVisible = 0;
			defaultConfigurationName = Release;
		};
/* End XCConfigurationList section */
	};
	rootObject = 9055F29321BBFED500C32F41 /* Project object */;
}
